
Microsoft Visual Studio Solution File, Format Version 12.00
Project("{FAE04EC0-301F-11D3-BF4B-00C04F79EFBC}") = "Ejercico compuertas 2do intento", "Ejercico compuertas 2do intento.csproj", "{6AE462C3-4175-4420-B7C1-4092F0DF3F27}"
EndProject
Global
	GlobalSection(SolutionConfigurationPlatforms) = preSolution
		Debug|Any CPU = Debug|Any CPU
		Release|Any CPU = Release|Any CPU
	EndGlobalSection
	GlobalSection(ProjectConfigurationPlatforms) = postSolution
		{6AE462C3-4175-4420-B7C1-4092F0DF3F27}.Debug|Any CPU.ActiveCfg = Debug|Any CPU
		{6AE462C3-4175-4420-B7C1-4092F0DF3F27}.Debug|Any CPU.Build.0 = Debug|Any CPU
		{6AE462C3-4175-4420-B7C1-4092F0DF3F27}.Release|Any CPU.ActiveCfg = Release|Any CPU
		{6AE462C3-4175-4420-B7C1-4092F0DF3F27}.Release|Any CPU.Build.0 = Release|Any CPU
	EndGlobalSection
EndGlobal
